
Microsoft Visual Studio Solution File, Format Version 12.00
# Visual Studio Version 16
VisualStudioVersion = 16.0.31515.178
MinimumVisualStudioVersion = 10.0.40219.1
Project("{9A19103F-16F7-4668-BE54-9A1E7A4F7556}") = "DevBackEnd.Core", "DevBackEnd.Core\DevBackEnd.Core.csproj", "{E40736BF-50D5-43A2-A4CD-BF654484557D}"
EndProject
Project("{9A19103F-16F7-4668-BE54-9A1E7A4F7556}") = "DevBackEnd.Entities", "DevBackEnd.Entities\DevBackEnd.Entities.csproj", "{F6927B6E-6C55-4CF8-86C2-6F89DC78CD69}"
EndProject
Project("{9A19103F-16F7-4668-BE54-9A1E7A4F7556}") = "DevBackEnd.DataAccess", "DevBackEnd.DataAccess\DevBackEnd.DataAccess.csproj", "{E51F54D2-186D-472F-9BA9-A2EC7086A0D1}"
EndProject
Project("{9A19103F-16F7-4668-BE54-9A1E7A4F7556}") = "DevBackEnd.Business", "DevBackEnd.Business\DevBackEnd.Business.csproj", "{A481EFED-E8D5-414A-BD97-62C1DE0C4704}"
EndProject
Project("{9A19103F-16F7-4668-BE54-9A1E7A4F7556}") = "WebAPI", "WebAPI\WebAPI.csproj", "{1BF15ACC-BB85-4A02-97A2-25032B6C98A9}"
EndProject
Project("{9A19103F-16F7-4668-BE54-9A1E7A4F7556}") = "DevBackEnd.Entities.Test", "DevBackEnd.Entities.Test\DevBackEnd.Entities.Test.csproj", "{EEC0E0A8-412A-45C1-89AA-EF2191C95024}"
EndProject
Project("{9A19103F-16F7-4668-BE54-9A1E7A4F7556}") = "DevBackEnd.Core.Test", "DecBackEnd.Core.Test\DevBackEnd.Core.Test.csproj", "{52B99901-7FFC-4AD5-87A2-7D1907BB712D}"
EndProject
Project("{9A19103F-16F7-4668-BE54-9A1E7A4F7556}") = "DevBackEnd.Business.Test", "DevBackEnd.Business.Test\DevBackEnd.Business.Test.csproj", "{4C4E4592-B926-4B60-B6E9-623F927D16B5}"
EndProject
Project("{9A19103F-16F7-4668-BE54-9A1E7A4F7556}") = "DevBackEnd.DataAccess.Test", "DevBackEnd.DataAccess.Test\DevBackEnd.DataAccess.Test.csproj", "{2E8D1BAB-57BB-4CF8-BDAE-E3307E5E60B8}"
EndProject
Project("{FAE04EC0-301F-11D3-BF4B-00C04F79EFBC}") = "DevBackEndMvcWebUI", "DevBackEndMvcUI\DevBackEndMvcWebUI.csproj", "{05AE3318-C4DC-46C9-91F8-198FBD956799}"
EndProject
Project("{E24C65DC-7377-472B-9ABA-BC803B73C61A}") = "DevBackEnd.WcfService", "DevBackEnd.WcfService\", "{5DC484B0-8D22-4CA8-B97D-1F779D59AA7B}"
	ProjectSection(WebsiteProperties) = preProject
		TargetFrameworkMoniker = ".NETFramework,Version%3Dv4.7.2"
		Debug.AspNetCompiler.VirtualPath = "/localhost_53639"
		Debug.AspNetCompiler.PhysicalPath = "DevBackEnd.WcfService\"
		Debug.AspNetCompiler.TargetPath = "PrecompiledWeb\localhost_53639\"
		Debug.AspNetCompiler.Updateable = "true"
		Debug.AspNetCompiler.ForceOverwrite = "true"
		Debug.AspNetCompiler.FixedNames = "false"
		Debug.AspNetCompiler.Debug = "True"
		Release.AspNetCompiler.VirtualPath = "/localhost_53639"
		Release.AspNetCompiler.PhysicalPath = "DevBackEnd.WcfService\"
		Release.AspNetCompiler.TargetPath = "PrecompiledWeb\localhost_53639\"
		Release.AspNetCompiler.Updateable = "true"
		Release.AspNetCompiler.ForceOverwrite = "true"
		Release.AspNetCompiler.FixedNames = "false"
		Release.AspNetCompiler.Debug = "False"
		VWDPort = "53639"
		SlnRelativePath = "DevBackEnd.WcfService\"
		DefaultWebSiteLanguage = "Visual C#"
	EndProjectSection
EndProject
Global
	GlobalSection(SolutionConfigurationPlatforms) = preSolution
		Debug|Any CPU = Debug|Any CPU
		Release|Any CPU = Release|Any CPU
	EndGlobalSection
	GlobalSection(ProjectConfigurationPlatforms) = postSolution
		{E40736BF-50D5-43A2-A4CD-BF654484557D}.Debug|Any CPU.ActiveCfg = Debug|Any CPU
		{E40736BF-50D5-43A2-A4CD-BF654484557D}.Debug|Any CPU.Build.0 = Debug|Any CPU
		{E40736BF-50D5-43A2-A4CD-BF654484557D}.Release|Any CPU.ActiveCfg = Release|Any CPU
		{E40736BF-50D5-43A2-A4CD-BF654484557D}.Release|Any CPU.Build.0 = Release|Any CPU
		{F6927B6E-6C55-4CF8-86C2-6F89DC78CD69}.Debug|Any CPU.ActiveCfg = Debug|Any CPU
		{F6927B6E-6C55-4CF8-86C2-6F89DC78CD69}.Debug|Any CPU.Build.0 = Debug|Any CPU
		{F6927B6E-6C55-4CF8-86C2-6F89DC78CD69}.Release|Any CPU.ActiveCfg = Release|Any CPU
		{F6927B6E-6C55-4CF8-86C2-6F89DC78CD69}.Release|Any CPU.Build.0 = Release|Any CPU
		{E51F54D2-186D-472F-9BA9-A2EC7086A0D1}.Debug|Any CPU.ActiveCfg = Debug|Any CPU
		{E51F54D2-186D-472F-9BA9-A2EC7086A0D1}.Debug|Any CPU.Build.0 = Debug|Any CPU
		{E51F54D2-186D-472F-9BA9-A2EC7086A0D1}.Release|Any CPU.ActiveCfg = Release|Any CPU
		{E51F54D2-186D-472F-9BA9-A2EC7086A0D1}.Release|Any CPU.Build.0 = Release|Any CPU
		{A481EFED-E8D5-414A-BD97-62C1DE0C4704}.Debug|Any CPU.ActiveCfg = Debug|Any CPU
		{A481EFED-E8D5-414A-BD97-62C1DE0C4704}.Debug|Any CPU.Build.0 = Debug|Any CPU
		{A481EFED-E8D5-414A-BD97-62C1DE0C4704}.Release|Any CPU.ActiveCfg = Release|Any CPU
		{A481EFED-E8D5-414A-BD97-62C1DE0C4704}.Release|Any CPU.Build.0 = Release|Any CPU
		{1BF15ACC-BB85-4A02-97A2-25032B6C98A9}.Debug|Any CPU.ActiveCfg = Debug|Any CPU
		{1BF15ACC-BB85-4A02-97A2-25032B6C98A9}.Debug|Any CPU.Build.0 = Debug|Any CPU
		{1BF15ACC-BB85-4A02-97A2-25032B6C98A9}.Release|Any CPU.ActiveCfg = Release|Any CPU
		{1BF15ACC-BB85-4A02-97A2-25032B6C98A9}.Release|Any CPU.Build.0 = Release|Any CPU
		{EEC0E0A8-412A-45C1-89AA-EF2191C95024}.Debug|Any CPU.ActiveCfg = Debug|Any CPU
		{EEC0E0A8-412A-45C1-89AA-EF2191C95024}.Debug|Any CPU.Build.0 = Debug|Any CPU
		{EEC0E0A8-412A-45C1-89AA-EF2191C95024}.Release|Any CPU.ActiveCfg = Release|Any CPU
		{EEC0E0A8-412A-45C1-89AA-EF2191C95024}.Release|Any CPU.Build.0 = Release|Any CPU
		{52B99901-7FFC-4AD5-87A2-7D1907BB712D}.Debug|Any CPU.ActiveCfg = Debug|Any CPU
		{52B99901-7FFC-4AD5-87A2-7D1907BB712D}.Debug|Any CPU.Build.0 = Debug|Any CPU
		{52B99901-7FFC-4AD5-87A2-7D1907BB712D}.Release|Any CPU.ActiveCfg = Release|Any CPU
		{52B99901-7FFC-4AD5-87A2-7D1907BB712D}.Release|Any CPU.Build.0 = Release|Any CPU
		{4C4E4592-B926-4B60-B6E9-623F927D16B5}.Debug|Any CPU.ActiveCfg = Debug|Any CPU
		{4C4E4592-B926-4B60-B6E9-623F927D16B5}.Debug|Any CPU.Build.0 = Debug|Any CPU
		{4C4E4592-B926-4B60-B6E9-623F927D16B5}.Release|Any CPU.ActiveCfg = Release|Any CPU
		{4C4E4592-B926-4B60-B6E9-623F927D16B5}.Release|Any CPU.Build.0 = Release|Any CPU
		{2E8D1BAB-57BB-4CF8-BDAE-E3307E5E60B8}.Debug|Any CPU.ActiveCfg = Debug|Any CPU
		{2E8D1BAB-57BB-4CF8-BDAE-E3307E5E60B8}.Debug|Any CPU.Build.0 = Debug|Any CPU
		{2E8D1BAB-57BB-4CF8-BDAE-E3307E5E60B8}.Release|Any CPU.ActiveCfg = Release|Any CPU
		{2E8D1BAB-57BB-4CF8-BDAE-E3307E5E60B8}.Release|Any CPU.Build.0 = Release|Any CPU
		{05AE3318-C4DC-46C9-91F8-198FBD956799}.Debug|Any CPU.ActiveCfg = Debug|Any CPU
		{05AE3318-C4DC-46C9-91F8-198FBD956799}.Debug|Any CPU.Build.0 = Debug|Any CPU
		{05AE3318-C4DC-46C9-91F8-198FBD956799}.Release|Any CPU.ActiveCfg = Release|Any CPU
		{05AE3318-C4DC-46C9-91F8-198FBD956799}.Release|Any CPU.Build.0 = Release|Any CPU
		{5DC484B0-8D22-4CA8-B97D-1F779D59AA7B}.Debug|Any CPU.ActiveCfg = Debug|Any CPU
		{5DC484B0-8D22-4CA8-B97D-1F779D59AA7B}.Debug|Any CPU.Build.0 = Debug|Any CPU
		{5DC484B0-8D22-4CA8-B97D-1F779D59AA7B}.Release|Any CPU.ActiveCfg = Debug|Any CPU
		{5DC484B0-8D22-4CA8-B97D-1F779D59AA7B}.Release|Any CPU.Build.0 = Debug|Any CPU
	EndGlobalSection
	GlobalSection(SolutionProperties) = preSolution
		HideSolutionNode = FALSE
	EndGlobalSection
	GlobalSection(ExtensibilityGlobals) = postSolution
		SolutionGuid = {C7BCE40E-A840-4FCF-968D-5CFE0DFE454B}
	EndGlobalSection
EndGlobal
